<?xml version="1.0" encoding="utf-8"?>
<Project ToolsVersion="4.0" xmlns="http://schemas.microsoft.com/developer/msbuild/2003">
  <ItemGroup>
    <ClInclude Include="src\Common.hpp" />
    <ClInclude Include="src\util\Exceptions.hpp">
      <Filter>util</Filter>
    </ClInclude>
    <ClInclude Include="src\Launcher.hpp" />
    <ClInclude Include="src\util\Options.hpp">
      <Filter>util</Filter>
    </ClInclude>
    <ClInclude Include="src\vm\parser\Program.hpp">
      <Filter>vm\parser</Filter>
    </ClInclude>
    <ClInclude Include="src\util\Strings.hpp">
      <Filter>util</Filter>
    </ClInclude>
    <ClInclude Include="src\util\Lists.hpp">
      <Filter>util</Filter>
    </ClInclude>
    <ClInclude Include="src\vm\VirtualMachine.hpp">
      <Filter>vm</Filter>
    </ClInclude>
    <ClInclude Include="src\vm\element\Class.hpp">
      <Filter>vm\element</Filter>
    </ClInclude>
    <ClInclude Include="src\vm\parser\Instruction.hpp">
      <Filter>vm\parser</Filter>
    </ClInclude>
    <ClInclude Include="src\vm\runtime\Modifier.hpp">
      <Filter>vm\runtime</Filter>
    </ClInclude>
    <ClInclude Include="src\vm\element\Executable.hpp">
      <Filter>vm\element</Filter>
    </ClInclude>
    <ClInclude Include="src\vm\element\Method.hpp">
      <Filter>vm\element</Filter>
    </ClInclude>
    <ClInclude Include="src\vm\element\Field.hpp">
      <Filter>vm\element</Filter>
    </ClInclude>
    <ClInclude Include="src\vm\runtime\Type.hpp">
      <Filter>vm\runtime</Filter>
    </ClInclude>
    <ClInclude Include="src\util\Files.hpp">
      <Filter>util</Filter>
    </ClInclude>
    <ClInclude Include="src\vm\runtime\Stack.hpp">
      <Filter>vm\runtime</Filter>
    </ClInclude>
    <ClInclude Include="src\vm\runtime\Storage.hpp">
      <Filter>vm\runtime</Filter>
    </ClInclude>
    <ClInclude Include="src\vm\runtime\Reference.hpp">
      <Filter>vm\runtime</Filter>
    </ClInclude>
    <ClInclude Include="src\vm\runtime\Instance.hpp">
      <Filter>vm\runtime</Filter>
    </ClInclude>
    <ClInclude Include="src\vm\parser\instructions\Integers.hpp">
      <Filter>vm\parser\instructions</Filter>
    </ClInclude>
    <ClInclude Include="src\vm\parser\instructions\Sections.hpp">
      <Filter>vm\parser\instructions</Filter>
    </ClInclude>
    <ClInclude Include="src\vm\parser\instructions\Instances.hpp">
      <Filter>vm\parser\instructions</Filter>
    </ClInclude>
    <ClInclude Include="src\vm\parser\instructions\Longs.hpp">
      <Filter>vm\parser\instructions</Filter>
    </ClInclude>
    <ClInclude Include="src\vm\parser\instructions\Floats.hpp">
      <Filter>vm\parser\instructions</Filter>
    </ClInclude>
    <ClInclude Include="src\vm\parser\instructions\Doubles.hpp">
      <Filter>vm\parser\instructions</Filter>
    </ClInclude>
    <ClInclude Include="src\vm\parser\instructions\Invokes.hpp">
      <Filter>vm\parser\instructions</Filter>
    </ClInclude>
    <ClInclude Include="src\compiler\token\Token.hpp">
      <Filter>compiler\token</Filter>
    </ClInclude>
    <ClInclude Include="src\compiler\token\Tokenizer.hpp">
      <Filter>compiler\token</Filter>
    </ClInclude>
    <ClInclude Include="src\compiler\xml\PugiConfig.hpp">
      <Filter>compiler\xml</Filter>
    </ClInclude>
    <ClInclude Include="src\compiler\xml\PugiXml.hpp">
      <Filter>compiler\xml</Filter>
    </ClInclude>
    <ClInclude Include="src\compiler\Project.hpp">
      <Filter>compiler</Filter>
    </ClInclude>
    <ClInclude Include="src\compiler\node\Node.hpp">
      <Filter>compiler\node</Filter>
    </ClInclude>
    <ClInclude Include="src\compiler\node\NodeParser.hpp">
      <Filter>compiler\node</Filter>
    </ClInclude>
    <ClInclude Include="src\compiler\token\Transformer.hpp" />
    <ClInclude Include="src\compiler\node\nodes\MethodNode.hpp">
      <Filter>compiler\node\nodes</Filter>
    </ClInclude>
  </ItemGroup>
  <ItemGroup>
    <ClCompile Include="src\Main.cpp" />
    <ClCompile Include="src\util\Exceptions.cpp">
      <Filter>util</Filter>
    </ClCompile>
    <ClCompile Include="src\Launcher.cpp" />
    <ClCompile Include="src\util\Options.cpp">
      <Filter>util</Filter>
    </ClCompile>
    <ClCompile Include="src\vm\parser\Program.cpp">
      <Filter>vm\parser</Filter>
    </ClCompile>
    <ClCompile Include="src\util\Strings.cpp">
      <Filter>util</Filter>
    </ClCompile>
    <ClCompile Include="src\util\Lists.cpp">
      <Filter>util</Filter>
    </ClCompile>
    <ClCompile Include="src\vm\VirtualMachine.cpp">
      <Filter>vm</Filter>
    </ClCompile>
    <ClCompile Include="src\vm\element\Class.cpp">
      <Filter>vm\element</Filter>
    </ClCompile>
    <ClCompile Include="src\vm\element\Executable.cpp">
      <Filter>vm\element</Filter>
    </ClCompile>
    <ClCompile Include="src\vm\parser\Instruction.cpp">
      <Filter>vm\parser</Filter>
    </ClCompile>
    <ClCompile Include="src\vm\runtime\Modifier.cpp">
      <Filter>vm\runtime</Filter>
    </ClCompile>
    <ClCompile Include="src\vm\element\Method.cpp">
      <Filter>vm\element</Filter>
    </ClCompile>
    <ClCompile Include="src\vm\element\Field.cpp">
      <Filter>vm\element</Filter>
    </ClCompile>
    <ClCompile Include="src\vm\runtime\Type.cpp">
      <Filter>vm\runtime</Filter>
    </ClCompile>
    <ClCompile Include="src\util\Files.cpp">
      <Filter>util</Filter>
    </ClCompile>
    <ClCompile Include="src\vm\runtime\Stack.cpp">
      <Filter>vm\runtime</Filter>
    </ClCompile>
    <ClCompile Include="src\vm\runtime\Storage.cpp">
      <Filter>vm\runtime</Filter>
    </ClCompile>
    <ClCompile Include="src\vm\runtime\Instance.cpp">
      <Filter>vm\runtime</Filter>
    </ClCompile>
    <ClCompile Include="src\vm\parser\instructions\Integers.cpp">
      <Filter>vm\parser\instructions</Filter>
    </ClCompile>
    <ClCompile Include="src\vm\parser\instructions\Sections.cpp">
      <Filter>vm\parser\instructions</Filter>
    </ClCompile>
    <ClCompile Include="src\vm\parser\instructions\Instances.cpp">
      <Filter>vm\parser\instructions</Filter>
    </ClCompile>
    <ClCompile Include="src\vm\parser\instructions\Longs.cpp">
      <Filter>vm\parser\instructions</Filter>
    </ClCompile>
    <ClCompile Include="src\vm\parser\instructions\Floats.cpp">
      <Filter>vm\parser\instructions</Filter>
    </ClCompile>
    <ClCompile Include="src\vm\parser\instructions\Doubles.cpp">
      <Filter>vm\parser\instructions</Filter>
    </ClCompile>
    <ClCompile Include="src\vm\parser\instructions\Invokes.cpp">
      <Filter>vm\parser\instructions</Filter>
    </ClCompile>
    <ClCompile Include="src\compiler\token\Token.cpp">
      <Filter>compiler\token</Filter>
    </ClCompile>
    <ClCompile Include="src\compiler\token\Tokenizer.cpp">
      <Filter>compiler\token</Filter>
    </ClCompile>
    <ClCompile Include="src\compiler\xml\PugiXml.cpp">
      <Filter>compiler\xml</Filter>
    </ClCompile>
    <ClCompile Include="src\compiler\Project.cpp">
      <Filter>compiler</Filter>
    </ClCompile>
    <ClCompile Include="src\compiler\node\NodeParser.cpp">
      <Filter>compiler\node</Filter>
    </ClCompile>
    <ClCompile Include="src\compiler\node\Node.cpp">
      <Filter>compiler\node</Filter>
    </ClCompile>
    <ClCompile Include="src\compiler\token\Transformer.cpp" />
    <ClCompile Include="src\compiler\node\nodes\MethodNode.cpp">
      <Filter>compiler\node\nodes</Filter>
    </ClCompile>
  </ItemGroup>
  <ItemGroup>
    <Filter Include="util">
      <UniqueIdentifier>{ae75c5c6-de75-469e-93aa-6a2d195abf10}</UniqueIdentifier>
    </Filter>
    <Filter Include="vm">
      <UniqueIdentifier>{9982de24-112f-445e-98cd-a83ba1c6d111}</UniqueIdentifier>
    </Filter>
    <Filter Include="vm\parser">
      <UniqueIdentifier>{38782a99-6896-46ca-8c97-713a738d7202}</UniqueIdentifier>
    </Filter>
    <Filter Include="vm\element">
      <UniqueIdentifier>{4b7719e8-f645-4970-bf09-53a2772d06d3}</UniqueIdentifier>
    </Filter>
    <Filter Include="vm\runtime">
      <UniqueIdentifier>{8c8aeba4-9692-4957-afc5-783bf1e06ac7}</UniqueIdentifier>
    </Filter>
    <Filter Include="vm\parser\instructions">
      <UniqueIdentifier>{56840ae4-b2c9-4c5a-a1e1-c92ca4de9ca6}</UniqueIdentifier>
    </Filter>
    <Filter Include="compiler">
      <UniqueIdentifier>{06e5fd0c-5a92-4333-8258-1ff6f0ed0e8e}</UniqueIdentifier>
    </Filter>
    <Filter Include="compiler\token">
      <UniqueIdentifier>{d334c149-0670-47fd-b23c-865a56953ea5}</UniqueIdentifier>
    </Filter>
    <Filter Include="compiler\xml">
      <UniqueIdentifier>{032043ac-28c4-4d6c-bd86-e19034bf9de3}</UniqueIdentifier>
    </Filter>
    <Filter Include="compiler\node">
      <UniqueIdentifier>{0a408362-5862-4e73-a260-0f4f71dcb768}</UniqueIdentifier>
    </Filter>
    <Filter Include="compiler\node\nodes">
      <UniqueIdentifier>{4570172b-fdb1-4af5-9015-45234f192a6f}</UniqueIdentifier>
    </Filter>
  </ItemGroup>
</Project>