<?xml version="1.0" encoding="utf-8"?>
<Project ToolsVersion="4.0" xmlns="http://schemas.microsoft.com/developer/msbuild/2003">
  <ItemGroup>
    <ClInclude Include="src\Common.hpp" />
    <ClInclude Include="src\util\Exceptions.hpp">
      <Filter>util</Filter>
    </ClInclude>
    <ClInclude Include="src\Launcher.hpp" />
    <ClInclude Include="src\util\Options.hpp">
      <Filter>util</Filter>
    </ClInclude>
    <ClInclude Include="src\vm\parser\Program.hpp">
      <Filter>vm\parser</Filter>
    </ClInclude>
    <ClInclude Include="src\util\Files.hpp">
      <Filter>vm\parser</Filter>
    </ClInclude>
    <ClInclude Include="src\util\Strings.hpp">
      <Filter>util</Filter>
    </ClInclude>
  </ItemGroup>
  <ItemGroup>
    <ClCompile Include="src\Main.cpp" />
    <ClCompile Include="src\util\Exceptions.cpp">
      <Filter>util</Filter>
    </ClCompile>
    <ClCompile Include="src\Launcher.cpp" />
    <ClCompile Include="src\util\Options.cpp">
      <Filter>util</Filter>
    </ClCompile>
    <ClCompile Include="src\vm\parser\Program.cpp">
      <Filter>vm\parser</Filter>
    </ClCompile>
    <ClCompile Include="src\util\Files.cpp">
      <Filter>vm\parser</Filter>
    </ClCompile>
    <ClCompile Include="src\util\Strings.cpp">
      <Filter>util</Filter>
    </ClCompile>
  </ItemGroup>
  <ItemGroup>
    <Filter Include="util">
      <UniqueIdentifier>{ae75c5c6-de75-469e-93aa-6a2d195abf10}</UniqueIdentifier>
    </Filter>
    <Filter Include="vm">
      <UniqueIdentifier>{9982de24-112f-445e-98cd-a83ba1c6d111}</UniqueIdentifier>
    </Filter>
    <Filter Include="vm\parser">
      <UniqueIdentifier>{38782a99-6896-46ca-8c97-713a738d7202}</UniqueIdentifier>
    </Filter>
  </ItemGroup>
</Project>